
Microsoft Visual Studio Solution File, Format Version 12.00
# Visual Studio 15
VisualStudioVersion = 15.0.28306.52
MinimumVisualStudioVersion = 10.0.40219.1
Project("{FAE04EC0-301F-11D3-BF4B-00C04F79EFBC}") = "HackatonApp", "HackatonApp\HackatonApp.csproj", "{14127574-9A2E-4A4F-8F7E-8DA03DB74D15}"
EndProject
Global
	GlobalSection(SolutionConfigurationPlatforms) = preSolution
		Debug|Any CPU = Debug|Any CPU
		Release|Any CPU = Release|Any CPU
	EndGlobalSection
	GlobalSection(ProjectConfigurationPlatforms) = postSolution
		{14127574-9A2E-4A4F-8F7E-8DA03DB74D15}.Debug|Any CPU.ActiveCfg = Debug|Any CPU
		{14127574-9A2E-4A4F-8F7E-8DA03DB74D15}.Debug|Any CPU.Build.0 = Debug|Any CPU
		{14127574-9A2E-4A4F-8F7E-8DA03DB74D15}.Release|Any CPU.ActiveCfg = Release|Any CPU
		{14127574-9A2E-4A4F-8F7E-8DA03DB74D15}.Release|Any CPU.Build.0 = Release|Any CPU
	EndGlobalSection
	GlobalSection(SolutionProperties) = preSolution
		HideSolutionNode = FALSE
	EndGlobalSection
	GlobalSection(ExtensibilityGlobals) = postSolution
		SolutionGuid = {08151686-C36E-4CF4-B16F-3EBF69B65AF1}
	EndGlobalSection
EndGlobal
